
Microsoft Visual Studio Solution File, Format Version 12.00
# Visual Studio Version 17
VisualStudioVersion = 17.1.32414.318
MinimumVisualStudioVersion = 10.0.40219.1
Project("{FAE04EC0-301F-11D3-BF4B-00C04F79EFBC}") = "PDC03_MOD02.Android", "PDC03_MOD02\PDC03_MOD02.Android\PDC03_MOD02.Android.csproj", "{4EAA0F7C-C94D-47F3-B9F1-6F22BE82A433}"
EndProject
Project("{FAE04EC0-301F-11D3-BF4B-00C04F79EFBC}") = "PDC03_MOD02", "PDC03_MOD02\PDC03_MOD02\PDC03_MOD02.csproj", "{772D81BC-4AF0-424F-8B2C-66EC9AAB6CC1}"
EndProject
Global
	GlobalSection(SolutionConfigurationPlatforms) = preSolution
		Debug|Any CPU = Debug|Any CPU
		Release|Any CPU = Release|Any CPU
	EndGlobalSection
	GlobalSection(ProjectConfigurationPlatforms) = postSolution
		{4EAA0F7C-C94D-47F3-B9F1-6F22BE82A433}.Debug|Any CPU.ActiveCfg = Debug|Any CPU
		{4EAA0F7C-C94D-47F3-B9F1-6F22BE82A433}.Debug|Any CPU.Build.0 = Debug|Any CPU
		{4EAA0F7C-C94D-47F3-B9F1-6F22BE82A433}.Debug|Any CPU.Deploy.0 = Debug|Any CPU
		{4EAA0F7C-C94D-47F3-B9F1-6F22BE82A433}.Release|Any CPU.ActiveCfg = Release|Any CPU
		{4EAA0F7C-C94D-47F3-B9F1-6F22BE82A433}.Release|Any CPU.Build.0 = Release|Any CPU
		{4EAA0F7C-C94D-47F3-B9F1-6F22BE82A433}.Release|Any CPU.Deploy.0 = Release|Any CPU
		{772D81BC-4AF0-424F-8B2C-66EC9AAB6CC1}.Debug|Any CPU.ActiveCfg = Debug|Any CPU
		{772D81BC-4AF0-424F-8B2C-66EC9AAB6CC1}.Debug|Any CPU.Build.0 = Debug|Any CPU
		{772D81BC-4AF0-424F-8B2C-66EC9AAB6CC1}.Debug|Any CPU.Deploy.0 = Debug|Any CPU
		{772D81BC-4AF0-424F-8B2C-66EC9AAB6CC1}.Release|Any CPU.ActiveCfg = Release|Any CPU
		{772D81BC-4AF0-424F-8B2C-66EC9AAB6CC1}.Release|Any CPU.Build.0 = Release|Any CPU
		{772D81BC-4AF0-424F-8B2C-66EC9AAB6CC1}.Release|Any CPU.Deploy.0 = Release|Any CPU
	EndGlobalSection
	GlobalSection(SolutionProperties) = preSolution
		HideSolutionNode = FALSE
	EndGlobalSection
	GlobalSection(ExtensibilityGlobals) = postSolution
		SolutionGuid = {329552CA-0CD2-4A56-B78A-11ED79436421}
	EndGlobalSection
EndGlobal
